
Microsoft Visual Studio Solution File, Format Version 12.00
# Visual Studio Version 17
VisualStudioVersion = 17.4.33213.308
MinimumVisualStudioVersion = 10.0.40219.1
Project("{FAE04EC0-301F-11D3-BF4B-00C04F79EFBC}") = "tehtava2", "tehtava2\tehtava2.csproj", "{1D266784-490F-4A46-9498-EB7751133964}"
EndProject
Global
	GlobalSection(SolutionConfigurationPlatforms) = preSolution
		Debug|Any CPU = Debug|Any CPU
		Release|Any CPU = Release|Any CPU
	EndGlobalSection
	GlobalSection(ProjectConfigurationPlatforms) = postSolution
		{1D266784-490F-4A46-9498-EB7751133964}.Debug|Any CPU.ActiveCfg = Debug|Any CPU
		{1D266784-490F-4A46-9498-EB7751133964}.Debug|Any CPU.Build.0 = Debug|Any CPU
		{1D266784-490F-4A46-9498-EB7751133964}.Release|Any CPU.ActiveCfg = Release|Any CPU
		{1D266784-490F-4A46-9498-EB7751133964}.Release|Any CPU.Build.0 = Release|Any CPU
	EndGlobalSection
	GlobalSection(SolutionProperties) = preSolution
		HideSolutionNode = FALSE
	EndGlobalSection
	GlobalSection(ExtensibilityGlobals) = postSolution
		SolutionGuid = {12F5D10A-08A7-46D1-969A-46E324B8652D}
	EndGlobalSection
EndGlobal
