
Microsoft Visual Studio Solution File, Format Version 12.00
# Visual Studio Version 17
VisualStudioVersion = 17.4.33213.308
MinimumVisualStudioVersion = 10.0.40219.1
Project("{FAE04EC0-301F-11D3-BF4B-00C04F79EFBC}") = "tehtava16", "tehtava16\tehtava16.csproj", "{2DF437B6-76A0-4BCC-A4CC-8F5F1133545E}"
EndProject
Global
	GlobalSection(SolutionConfigurationPlatforms) = preSolution
		Debug|Any CPU = Debug|Any CPU
		Release|Any CPU = Release|Any CPU
	EndGlobalSection
	GlobalSection(ProjectConfigurationPlatforms) = postSolution
		{2DF437B6-76A0-4BCC-A4CC-8F5F1133545E}.Debug|Any CPU.ActiveCfg = Debug|Any CPU
		{2DF437B6-76A0-4BCC-A4CC-8F5F1133545E}.Debug|Any CPU.Build.0 = Debug|Any CPU
		{2DF437B6-76A0-4BCC-A4CC-8F5F1133545E}.Release|Any CPU.ActiveCfg = Release|Any CPU
		{2DF437B6-76A0-4BCC-A4CC-8F5F1133545E}.Release|Any CPU.Build.0 = Release|Any CPU
	EndGlobalSection
	GlobalSection(SolutionProperties) = preSolution
		HideSolutionNode = FALSE
	EndGlobalSection
	GlobalSection(ExtensibilityGlobals) = postSolution
		SolutionGuid = {3D1E2C36-5903-4F14-8085-57FCD89A30DB}
	EndGlobalSection
EndGlobal
