
Microsoft Visual Studio Solution File, Format Version 12.00
# Visual Studio Version 17
VisualStudioVersion = 17.4.33213.308
MinimumVisualStudioVersion = 10.0.40219.1
Project("{FAE04EC0-301F-11D3-BF4B-00C04F79EFBC}") = "tehtava4", "tehtava4\tehtava4.csproj", "{A64EF9C9-0544-41EF-8D7C-863777192811}"
EndProject
Global
	GlobalSection(SolutionConfigurationPlatforms) = preSolution
		Debug|Any CPU = Debug|Any CPU
		Release|Any CPU = Release|Any CPU
	EndGlobalSection
	GlobalSection(ProjectConfigurationPlatforms) = postSolution
		{A64EF9C9-0544-41EF-8D7C-863777192811}.Debug|Any CPU.ActiveCfg = Debug|Any CPU
		{A64EF9C9-0544-41EF-8D7C-863777192811}.Debug|Any CPU.Build.0 = Debug|Any CPU
		{A64EF9C9-0544-41EF-8D7C-863777192811}.Release|Any CPU.ActiveCfg = Release|Any CPU
		{A64EF9C9-0544-41EF-8D7C-863777192811}.Release|Any CPU.Build.0 = Release|Any CPU
	EndGlobalSection
	GlobalSection(SolutionProperties) = preSolution
		HideSolutionNode = FALSE
	EndGlobalSection
	GlobalSection(ExtensibilityGlobals) = postSolution
		SolutionGuid = {4AB509F2-6D0D-4AB3-B6BF-1DB98968049E}
	EndGlobalSection
EndGlobal
