
Microsoft Visual Studio Solution File, Format Version 12.00
# Visual Studio Version 17
VisualStudioVersion = 17.4.33213.308
MinimumVisualStudioVersion = 10.0.40219.1
Project("{FAE04EC0-301F-11D3-BF4B-00C04F79EFBC}") = "SuomiAika", "SuomiAika\SuomiAika.csproj", "{DAC8B801-02A9-44AD-A4A5-93DB0DD6A0CF}"
EndProject
Global
	GlobalSection(SolutionConfigurationPlatforms) = preSolution
		Debug|Any CPU = Debug|Any CPU
		Release|Any CPU = Release|Any CPU
	EndGlobalSection
	GlobalSection(ProjectConfigurationPlatforms) = postSolution
		{DAC8B801-02A9-44AD-A4A5-93DB0DD6A0CF}.Debug|Any CPU.ActiveCfg = Debug|Any CPU
		{DAC8B801-02A9-44AD-A4A5-93DB0DD6A0CF}.Debug|Any CPU.Build.0 = Debug|Any CPU
		{DAC8B801-02A9-44AD-A4A5-93DB0DD6A0CF}.Release|Any CPU.ActiveCfg = Release|Any CPU
		{DAC8B801-02A9-44AD-A4A5-93DB0DD6A0CF}.Release|Any CPU.Build.0 = Release|Any CPU
	EndGlobalSection
	GlobalSection(SolutionProperties) = preSolution
		HideSolutionNode = FALSE
	EndGlobalSection
	GlobalSection(ExtensibilityGlobals) = postSolution
		SolutionGuid = {8C63E5DE-0BC5-476A-9CC8-C7EE107B0938}
	EndGlobalSection
EndGlobal
