
Microsoft Visual Studio Solution File, Format Version 12.00
# Visual Studio Version 17
VisualStudioVersion = 17.4.33213.308
MinimumVisualStudioVersion = 10.0.40219.1
Project("{FAE04EC0-301F-11D3-BF4B-00C04F79EFBC}") = "tehtava10", "tehtava10\tehtava10.csproj", "{06AAF376-E2DE-4181-AE27-C4E979E32C65}"
EndProject
Global
	GlobalSection(SolutionConfigurationPlatforms) = preSolution
		Debug|Any CPU = Debug|Any CPU
		Release|Any CPU = Release|Any CPU
	EndGlobalSection
	GlobalSection(ProjectConfigurationPlatforms) = postSolution
		{06AAF376-E2DE-4181-AE27-C4E979E32C65}.Debug|Any CPU.ActiveCfg = Debug|Any CPU
		{06AAF376-E2DE-4181-AE27-C4E979E32C65}.Debug|Any CPU.Build.0 = Debug|Any CPU
		{06AAF376-E2DE-4181-AE27-C4E979E32C65}.Release|Any CPU.ActiveCfg = Release|Any CPU
		{06AAF376-E2DE-4181-AE27-C4E979E32C65}.Release|Any CPU.Build.0 = Release|Any CPU
	EndGlobalSection
	GlobalSection(SolutionProperties) = preSolution
		HideSolutionNode = FALSE
	EndGlobalSection
	GlobalSection(ExtensibilityGlobals) = postSolution
		SolutionGuid = {1C2F1A28-1956-4D4D-9B5C-A8857164B111}
	EndGlobalSection
EndGlobal
