
Microsoft Visual Studio Solution File, Format Version 12.00
# Visual Studio Version 17
VisualStudioVersion = 17.4.33213.308
MinimumVisualStudioVersion = 10.0.40219.1
Project("{FAE04EC0-301F-11D3-BF4B-00C04F79EFBC}") = "heimaailma", "heimaailma\heimaailma.csproj", "{F6BCF346-C8D8-4FBE-B409-CE66E8EF33BF}"
EndProject
Global
	GlobalSection(SolutionConfigurationPlatforms) = preSolution
		Debug|Any CPU = Debug|Any CPU
		Release|Any CPU = Release|Any CPU
	EndGlobalSection
	GlobalSection(ProjectConfigurationPlatforms) = postSolution
		{F6BCF346-C8D8-4FBE-B409-CE66E8EF33BF}.Debug|Any CPU.ActiveCfg = Debug|Any CPU
		{F6BCF346-C8D8-4FBE-B409-CE66E8EF33BF}.Debug|Any CPU.Build.0 = Debug|Any CPU
		{F6BCF346-C8D8-4FBE-B409-CE66E8EF33BF}.Release|Any CPU.ActiveCfg = Release|Any CPU
		{F6BCF346-C8D8-4FBE-B409-CE66E8EF33BF}.Release|Any CPU.Build.0 = Release|Any CPU
	EndGlobalSection
	GlobalSection(SolutionProperties) = preSolution
		HideSolutionNode = FALSE
	EndGlobalSection
	GlobalSection(ExtensibilityGlobals) = postSolution
		SolutionGuid = {A554F347-F693-47ED-A7B4-693FE59F3FE7}
	EndGlobalSection
EndGlobal
