
Microsoft Visual Studio Solution File, Format Version 12.00
# Visual Studio Version 17
VisualStudioVersion = 17.4.33213.308
MinimumVisualStudioVersion = 10.0.40219.1
Project("{FAE04EC0-301F-11D3-BF4B-00C04F79EFBC}") = "tehtava12", "tehtava12\tehtava12.csproj", "{5D666A3F-084E-4A19-B7C3-B03B125A4A7C}"
EndProject
Global
	GlobalSection(SolutionConfigurationPlatforms) = preSolution
		Debug|Any CPU = Debug|Any CPU
		Release|Any CPU = Release|Any CPU
	EndGlobalSection
	GlobalSection(ProjectConfigurationPlatforms) = postSolution
		{5D666A3F-084E-4A19-B7C3-B03B125A4A7C}.Debug|Any CPU.ActiveCfg = Debug|Any CPU
		{5D666A3F-084E-4A19-B7C3-B03B125A4A7C}.Debug|Any CPU.Build.0 = Debug|Any CPU
		{5D666A3F-084E-4A19-B7C3-B03B125A4A7C}.Release|Any CPU.ActiveCfg = Release|Any CPU
		{5D666A3F-084E-4A19-B7C3-B03B125A4A7C}.Release|Any CPU.Build.0 = Release|Any CPU
	EndGlobalSection
	GlobalSection(SolutionProperties) = preSolution
		HideSolutionNode = FALSE
	EndGlobalSection
	GlobalSection(ExtensibilityGlobals) = postSolution
		SolutionGuid = {091D80B9-6325-4C1D-BFD9-664EF3370C21}
	EndGlobalSection
EndGlobal
