
Microsoft Visual Studio Solution File, Format Version 12.00
# Visual Studio Version 17
VisualStudioVersion = 17.4.33213.308
MinimumVisualStudioVersion = 10.0.40219.1
Project("{FAE04EC0-301F-11D3-BF4B-00C04F79EFBC}") = "tehtava7", "tehtava7\tehtava7.csproj", "{633E0083-7783-499A-9409-79A38655B019}"
EndProject
Global
	GlobalSection(SolutionConfigurationPlatforms) = preSolution
		Debug|Any CPU = Debug|Any CPU
		Release|Any CPU = Release|Any CPU
	EndGlobalSection
	GlobalSection(ProjectConfigurationPlatforms) = postSolution
		{633E0083-7783-499A-9409-79A38655B019}.Debug|Any CPU.ActiveCfg = Debug|Any CPU
		{633E0083-7783-499A-9409-79A38655B019}.Debug|Any CPU.Build.0 = Debug|Any CPU
		{633E0083-7783-499A-9409-79A38655B019}.Release|Any CPU.ActiveCfg = Release|Any CPU
		{633E0083-7783-499A-9409-79A38655B019}.Release|Any CPU.Build.0 = Release|Any CPU
	EndGlobalSection
	GlobalSection(SolutionProperties) = preSolution
		HideSolutionNode = FALSE
	EndGlobalSection
	GlobalSection(ExtensibilityGlobals) = postSolution
		SolutionGuid = {F1E6BC32-89C7-441F-A107-E965E949CE57}
	EndGlobalSection
EndGlobal
