
Microsoft Visual Studio Solution File, Format Version 12.00
# Visual Studio Version 17
VisualStudioVersion = 17.4.33213.308
MinimumVisualStudioVersion = 10.0.40219.1
Project("{FAE04EC0-301F-11D3-BF4B-00C04F79EFBC}") = "pankki", "pankki\pankki.csproj", "{3D047315-3FEC-4791-A358-196734862601}"
EndProject
Global
	GlobalSection(SolutionConfigurationPlatforms) = preSolution
		Debug|Any CPU = Debug|Any CPU
		Release|Any CPU = Release|Any CPU
	EndGlobalSection
	GlobalSection(ProjectConfigurationPlatforms) = postSolution
		{3D047315-3FEC-4791-A358-196734862601}.Debug|Any CPU.ActiveCfg = Debug|Any CPU
		{3D047315-3FEC-4791-A358-196734862601}.Debug|Any CPU.Build.0 = Debug|Any CPU
		{3D047315-3FEC-4791-A358-196734862601}.Release|Any CPU.ActiveCfg = Release|Any CPU
		{3D047315-3FEC-4791-A358-196734862601}.Release|Any CPU.Build.0 = Release|Any CPU
	EndGlobalSection
	GlobalSection(SolutionProperties) = preSolution
		HideSolutionNode = FALSE
	EndGlobalSection
	GlobalSection(ExtensibilityGlobals) = postSolution
		SolutionGuid = {201F7311-3676-447A-A6CB-B8A198DD734C}
	EndGlobalSection
EndGlobal
