
Microsoft Visual Studio Solution File, Format Version 12.00
# Visual Studio Version 17
VisualStudioVersion = 17.4.33213.308
MinimumVisualStudioVersion = 10.0.40219.1
Project("{FAE04EC0-301F-11D3-BF4B-00C04F79EFBC}") = "neliojuuri", "neliojuuri\neliojuuri.csproj", "{776EB7F4-4FF7-4AC4-BEED-9041E10C50D4}"
EndProject
Global
	GlobalSection(SolutionConfigurationPlatforms) = preSolution
		Debug|Any CPU = Debug|Any CPU
		Release|Any CPU = Release|Any CPU
	EndGlobalSection
	GlobalSection(ProjectConfigurationPlatforms) = postSolution
		{776EB7F4-4FF7-4AC4-BEED-9041E10C50D4}.Debug|Any CPU.ActiveCfg = Debug|Any CPU
		{776EB7F4-4FF7-4AC4-BEED-9041E10C50D4}.Debug|Any CPU.Build.0 = Debug|Any CPU
		{776EB7F4-4FF7-4AC4-BEED-9041E10C50D4}.Release|Any CPU.ActiveCfg = Release|Any CPU
		{776EB7F4-4FF7-4AC4-BEED-9041E10C50D4}.Release|Any CPU.Build.0 = Release|Any CPU
	EndGlobalSection
	GlobalSection(SolutionProperties) = preSolution
		HideSolutionNode = FALSE
	EndGlobalSection
	GlobalSection(ExtensibilityGlobals) = postSolution
		SolutionGuid = {DA916B02-0014-4B8C-8144-79B6C4CC42E8}
	EndGlobalSection
EndGlobal
