
Microsoft Visual Studio Solution File, Format Version 12.00
# Visual Studio Version 17
VisualStudioVersion = 17.4.33213.308
MinimumVisualStudioVersion = 10.0.40219.1
Project("{9A19103F-16F7-4668-BE54-9A1E7A4F7556}") = "harjoitus1", "harjoitus1\harjoitus1.csproj", "{14393A6F-4152-4C29-8987-F5D07C3F2573}"
EndProject
Project("{9A19103F-16F7-4668-BE54-9A1E7A4F7556}") = "harjoitus2", "harjoitus2\harjoitus2.csproj", "{6507E42C-A12D-4BE9-92C1-65D9D9522599}"
EndProject
Project("{9A19103F-16F7-4668-BE54-9A1E7A4F7556}") = "harjoitus3", "harjoitus3\harjoitus3.csproj", "{BC5B438F-E4DB-4D0E-96C2-0AA994F4919F}"
EndProject
Project("{9A19103F-16F7-4668-BE54-9A1E7A4F7556}") = "harjoitus4", "harjoitus4\harjoitus4.csproj", "{7FA2498F-3470-4CB3-B281-B3664E6E2F40}"
EndProject
Project("{9A19103F-16F7-4668-BE54-9A1E7A4F7556}") = "harjoitus5", "harjoitus5\harjoitus5.csproj", "{D6DF2F00-F34D-414F-A180-2554606117B2}"
EndProject
Project("{9A19103F-16F7-4668-BE54-9A1E7A4F7556}") = "harjoitus6", "harjoitus6\harjoitus6.csproj", "{8C643395-2667-49E6-A65D-D4AB78BAFDCD}"
EndProject
Project("{9A19103F-16F7-4668-BE54-9A1E7A4F7556}") = "harjoitus7", "harjoitus7\harjoitus7.csproj", "{86BEBDFF-EDEC-4C45-A90C-A4C87E5886D2}"
EndProject
Project("{9A19103F-16F7-4668-BE54-9A1E7A4F7556}") = "harjoitus8", "harjoitus8\harjoitus8.csproj", "{378E093D-A9D6-4E42-B9B1-A1B36CE7612A}"
EndProject
Project("{9A19103F-16F7-4668-BE54-9A1E7A4F7556}") = "harjoitus9", "harjoitus9\harjoitus9.csproj", "{805C7BE1-DDF9-48E6-BD74-321D937C2C5A}"
EndProject
Project("{9A19103F-16F7-4668-BE54-9A1E7A4F7556}") = "harjoitus10", "harjoitus10\harjoitus10.csproj", "{596764E1-A7F6-4B34-BF67-9BB759340659}"
EndProject
Project("{FAE04EC0-301F-11D3-BF4B-00C04F79EFBC}") = "harjoitus11", "harjoitus11\harjoitus11.csproj", "{E6315062-AA92-41A0-A278-2FA6AB9A0EB8}"
EndProject
Global
	GlobalSection(SolutionConfigurationPlatforms) = preSolution
		Debug|Any CPU = Debug|Any CPU
		Release|Any CPU = Release|Any CPU
	EndGlobalSection
	GlobalSection(ProjectConfigurationPlatforms) = postSolution
		{14393A6F-4152-4C29-8987-F5D07C3F2573}.Debug|Any CPU.ActiveCfg = Debug|Any CPU
		{14393A6F-4152-4C29-8987-F5D07C3F2573}.Debug|Any CPU.Build.0 = Debug|Any CPU
		{14393A6F-4152-4C29-8987-F5D07C3F2573}.Release|Any CPU.ActiveCfg = Release|Any CPU
		{14393A6F-4152-4C29-8987-F5D07C3F2573}.Release|Any CPU.Build.0 = Release|Any CPU
		{6507E42C-A12D-4BE9-92C1-65D9D9522599}.Debug|Any CPU.ActiveCfg = Debug|Any CPU
		{6507E42C-A12D-4BE9-92C1-65D9D9522599}.Debug|Any CPU.Build.0 = Debug|Any CPU
		{6507E42C-A12D-4BE9-92C1-65D9D9522599}.Release|Any CPU.ActiveCfg = Release|Any CPU
		{6507E42C-A12D-4BE9-92C1-65D9D9522599}.Release|Any CPU.Build.0 = Release|Any CPU
		{BC5B438F-E4DB-4D0E-96C2-0AA994F4919F}.Debug|Any CPU.ActiveCfg = Debug|Any CPU
		{BC5B438F-E4DB-4D0E-96C2-0AA994F4919F}.Debug|Any CPU.Build.0 = Debug|Any CPU
		{BC5B438F-E4DB-4D0E-96C2-0AA994F4919F}.Release|Any CPU.ActiveCfg = Release|Any CPU
		{BC5B438F-E4DB-4D0E-96C2-0AA994F4919F}.Release|Any CPU.Build.0 = Release|Any CPU
		{7FA2498F-3470-4CB3-B281-B3664E6E2F40}.Debug|Any CPU.ActiveCfg = Debug|Any CPU
		{7FA2498F-3470-4CB3-B281-B3664E6E2F40}.Debug|Any CPU.Build.0 = Debug|Any CPU
		{7FA2498F-3470-4CB3-B281-B3664E6E2F40}.Release|Any CPU.ActiveCfg = Release|Any CPU
		{7FA2498F-3470-4CB3-B281-B3664E6E2F40}.Release|Any CPU.Build.0 = Release|Any CPU
		{D6DF2F00-F34D-414F-A180-2554606117B2}.Debug|Any CPU.ActiveCfg = Debug|Any CPU
		{D6DF2F00-F34D-414F-A180-2554606117B2}.Debug|Any CPU.Build.0 = Debug|Any CPU
		{D6DF2F00-F34D-414F-A180-2554606117B2}.Release|Any CPU.ActiveCfg = Release|Any CPU
		{D6DF2F00-F34D-414F-A180-2554606117B2}.Release|Any CPU.Build.0 = Release|Any CPU
		{8C643395-2667-49E6-A65D-D4AB78BAFDCD}.Debug|Any CPU.ActiveCfg = Debug|Any CPU
		{8C643395-2667-49E6-A65D-D4AB78BAFDCD}.Debug|Any CPU.Build.0 = Debug|Any CPU
		{8C643395-2667-49E6-A65D-D4AB78BAFDCD}.Release|Any CPU.ActiveCfg = Release|Any CPU
		{8C643395-2667-49E6-A65D-D4AB78BAFDCD}.Release|Any CPU.Build.0 = Release|Any CPU
		{86BEBDFF-EDEC-4C45-A90C-A4C87E5886D2}.Debug|Any CPU.ActiveCfg = Debug|Any CPU
		{86BEBDFF-EDEC-4C45-A90C-A4C87E5886D2}.Debug|Any CPU.Build.0 = Debug|Any CPU
		{86BEBDFF-EDEC-4C45-A90C-A4C87E5886D2}.Release|Any CPU.ActiveCfg = Release|Any CPU
		{86BEBDFF-EDEC-4C45-A90C-A4C87E5886D2}.Release|Any CPU.Build.0 = Release|Any CPU
		{378E093D-A9D6-4E42-B9B1-A1B36CE7612A}.Debug|Any CPU.ActiveCfg = Debug|Any CPU
		{378E093D-A9D6-4E42-B9B1-A1B36CE7612A}.Debug|Any CPU.Build.0 = Debug|Any CPU
		{378E093D-A9D6-4E42-B9B1-A1B36CE7612A}.Release|Any CPU.ActiveCfg = Release|Any CPU
		{378E093D-A9D6-4E42-B9B1-A1B36CE7612A}.Release|Any CPU.Build.0 = Release|Any CPU
		{805C7BE1-DDF9-48E6-BD74-321D937C2C5A}.Debug|Any CPU.ActiveCfg = Debug|Any CPU
		{805C7BE1-DDF9-48E6-BD74-321D937C2C5A}.Debug|Any CPU.Build.0 = Debug|Any CPU
		{805C7BE1-DDF9-48E6-BD74-321D937C2C5A}.Release|Any CPU.ActiveCfg = Release|Any CPU
		{805C7BE1-DDF9-48E6-BD74-321D937C2C5A}.Release|Any CPU.Build.0 = Release|Any CPU
		{596764E1-A7F6-4B34-BF67-9BB759340659}.Debug|Any CPU.ActiveCfg = Debug|Any CPU
		{596764E1-A7F6-4B34-BF67-9BB759340659}.Debug|Any CPU.Build.0 = Debug|Any CPU
		{596764E1-A7F6-4B34-BF67-9BB759340659}.Release|Any CPU.ActiveCfg = Release|Any CPU
		{596764E1-A7F6-4B34-BF67-9BB759340659}.Release|Any CPU.Build.0 = Release|Any CPU
		{E6315062-AA92-41A0-A278-2FA6AB9A0EB8}.Debug|Any CPU.ActiveCfg = Debug|Any CPU
		{E6315062-AA92-41A0-A278-2FA6AB9A0EB8}.Debug|Any CPU.Build.0 = Debug|Any CPU
		{E6315062-AA92-41A0-A278-2FA6AB9A0EB8}.Release|Any CPU.ActiveCfg = Release|Any CPU
		{E6315062-AA92-41A0-A278-2FA6AB9A0EB8}.Release|Any CPU.Build.0 = Release|Any CPU
	EndGlobalSection
	GlobalSection(SolutionProperties) = preSolution
		HideSolutionNode = FALSE
	EndGlobalSection
	GlobalSection(ExtensibilityGlobals) = postSolution
		SolutionGuid = {A2286721-323C-4DB9-B3D9-E7C3A5673D42}
	EndGlobalSection
EndGlobal
