
Microsoft Visual Studio Solution File, Format Version 12.00
# Visual Studio Version 17
VisualStudioVersion = 17.4.33213.308
MinimumVisualStudioVersion = 10.0.40219.1
Project("{FAE04EC0-301F-11D3-BF4B-00C04F79EFBC}") = "tehtava1", "tehtava1\tehtava1.csproj", "{2C1DD535-5655-4ED4-A18F-E4B935DA40A3}"
EndProject
Global
	GlobalSection(SolutionConfigurationPlatforms) = preSolution
		Debug|Any CPU = Debug|Any CPU
		Release|Any CPU = Release|Any CPU
	EndGlobalSection
	GlobalSection(ProjectConfigurationPlatforms) = postSolution
		{2C1DD535-5655-4ED4-A18F-E4B935DA40A3}.Debug|Any CPU.ActiveCfg = Debug|Any CPU
		{2C1DD535-5655-4ED4-A18F-E4B935DA40A3}.Debug|Any CPU.Build.0 = Debug|Any CPU
		{2C1DD535-5655-4ED4-A18F-E4B935DA40A3}.Release|Any CPU.ActiveCfg = Release|Any CPU
		{2C1DD535-5655-4ED4-A18F-E4B935DA40A3}.Release|Any CPU.Build.0 = Release|Any CPU
	EndGlobalSection
	GlobalSection(SolutionProperties) = preSolution
		HideSolutionNode = FALSE
	EndGlobalSection
	GlobalSection(ExtensibilityGlobals) = postSolution
		SolutionGuid = {2B33FA5B-B790-4AEB-AF23-171CBFF79A17}
	EndGlobalSection
EndGlobal
